
Microsoft Visual Studio Solution File, Format Version 12.00
# Visual Studio 15
VisualStudioVersion = 15.0.26730.15
MinimumVisualStudioVersion = 10.0.40219.1
Project("{FAE04EC0-301F-11D3-BF4B-00C04F79EFBC}") = "Choose a Drink", "Choose a Drink\Choose a Drink.csproj", "{731E49AF-00DD-4A66-BA05-4550FC9E6CC0}"
EndProject
Project("{FAE04EC0-301F-11D3-BF4B-00C04F79EFBC}") = "Choose a Drink 2.0", "Choose a Drink 2.0\Choose a Drink 2.0.csproj", "{7FADCA07-C44E-4564-A35C-DD7E5D53E4C3}"
EndProject
Project("{FAE04EC0-301F-11D3-BF4B-00C04F79EFBC}") = "Restaurant Discount", "Restaurant Discount\Restaurant Discount.csproj", "{C1157AE3-5D81-406D-B41C-1E4BF347BB60}"
EndProject
Project("{FAE04EC0-301F-11D3-BF4B-00C04F79EFBC}") = "triangle of numbers", "triangle of numbers\triangle of numbers.csproj", "{7B883E0E-5A6B-4B42-905C-940A8D4946C8}"
EndProject
Project("{FAE04EC0-301F-11D3-BF4B-00C04F79EFBC}") = "Interval of Numbers", "Interval of Numbers\Interval of Numbers.csproj", "{DDA27E7D-58E8-400E-8DB2-1C96578C37F0}"
EndProject
Project("{FAE04EC0-301F-11D3-BF4B-00C04F79EFBC}") = "Cake Ingredients", "Cake Ingredients\Cake Ingredients.csproj", "{5E395AC5-BBF9-4258-86F7-9A911A8C86FF}"
EndProject
Project("{FAE04EC0-301F-11D3-BF4B-00C04F79EFBC}") = "Calories Counter", "Calories Counter\Calories Counter.csproj", "{E569DE3F-A937-4A53-AED7-BBB28793415A}"
EndProject
Project("{FAE04EC0-301F-11D3-BF4B-00C04F79EFBC}") = "Count the Integers", "Count the Integers\Count the Integers.csproj", "{743B946C-D91B-4D39-ABAD-022D16922243}"
EndProject
Project("{FAE04EC0-301F-11D3-BF4B-00C04F79EFBC}") = "Hotel", "Hotel\Hotel.csproj", "{890BECC1-60B7-4DA7-82AF-9D9D8D2E9C72}"
EndProject
Project("{FAE04EC0-301F-11D3-BF4B-00C04F79EFBC}") = "word in plural", "word in plural\word in plural.csproj", "{060177F0-5022-4D78-8AA1-A7413674D4B6}"
EndProject
Project("{FAE04EC0-301F-11D3-BF4B-00C04F79EFBC}") = "5 Different Numbers", "5 Different Numbers\5 Different Numbers.csproj", "{2B687962-EF9E-4E9A-8DC9-6C3F7DC012DB}"
EndProject
Project("{FAE04EC0-301F-11D3-BF4B-00C04F79EFBC}") = "magic letter", "magic letter\magic letter.csproj", "{B2DF9FBB-573A-40C8-A275-0C2396739770}"
EndProject
Global
	GlobalSection(SolutionConfigurationPlatforms) = preSolution
		Debug|Any CPU = Debug|Any CPU
		Release|Any CPU = Release|Any CPU
	EndGlobalSection
	GlobalSection(ProjectConfigurationPlatforms) = postSolution
		{731E49AF-00DD-4A66-BA05-4550FC9E6CC0}.Debug|Any CPU.ActiveCfg = Debug|Any CPU
		{731E49AF-00DD-4A66-BA05-4550FC9E6CC0}.Debug|Any CPU.Build.0 = Debug|Any CPU
		{731E49AF-00DD-4A66-BA05-4550FC9E6CC0}.Release|Any CPU.ActiveCfg = Release|Any CPU
		{731E49AF-00DD-4A66-BA05-4550FC9E6CC0}.Release|Any CPU.Build.0 = Release|Any CPU
		{7FADCA07-C44E-4564-A35C-DD7E5D53E4C3}.Debug|Any CPU.ActiveCfg = Debug|Any CPU
		{7FADCA07-C44E-4564-A35C-DD7E5D53E4C3}.Debug|Any CPU.Build.0 = Debug|Any CPU
		{7FADCA07-C44E-4564-A35C-DD7E5D53E4C3}.Release|Any CPU.ActiveCfg = Release|Any CPU
		{7FADCA07-C44E-4564-A35C-DD7E5D53E4C3}.Release|Any CPU.Build.0 = Release|Any CPU
		{C1157AE3-5D81-406D-B41C-1E4BF347BB60}.Debug|Any CPU.ActiveCfg = Debug|Any CPU
		{C1157AE3-5D81-406D-B41C-1E4BF347BB60}.Debug|Any CPU.Build.0 = Debug|Any CPU
		{C1157AE3-5D81-406D-B41C-1E4BF347BB60}.Release|Any CPU.ActiveCfg = Release|Any CPU
		{C1157AE3-5D81-406D-B41C-1E4BF347BB60}.Release|Any CPU.Build.0 = Release|Any CPU
		{7B883E0E-5A6B-4B42-905C-940A8D4946C8}.Debug|Any CPU.ActiveCfg = Debug|Any CPU
		{7B883E0E-5A6B-4B42-905C-940A8D4946C8}.Debug|Any CPU.Build.0 = Debug|Any CPU
		{7B883E0E-5A6B-4B42-905C-940A8D4946C8}.Release|Any CPU.ActiveCfg = Release|Any CPU
		{7B883E0E-5A6B-4B42-905C-940A8D4946C8}.Release|Any CPU.Build.0 = Release|Any CPU
		{DDA27E7D-58E8-400E-8DB2-1C96578C37F0}.Debug|Any CPU.ActiveCfg = Debug|Any CPU
		{DDA27E7D-58E8-400E-8DB2-1C96578C37F0}.Debug|Any CPU.Build.0 = Debug|Any CPU
		{DDA27E7D-58E8-400E-8DB2-1C96578C37F0}.Release|Any CPU.ActiveCfg = Release|Any CPU
		{DDA27E7D-58E8-400E-8DB2-1C96578C37F0}.Release|Any CPU.Build.0 = Release|Any CPU
		{5E395AC5-BBF9-4258-86F7-9A911A8C86FF}.Debug|Any CPU.ActiveCfg = Debug|Any CPU
		{5E395AC5-BBF9-4258-86F7-9A911A8C86FF}.Debug|Any CPU.Build.0 = Debug|Any CPU
		{5E395AC5-BBF9-4258-86F7-9A911A8C86FF}.Release|Any CPU.ActiveCfg = Release|Any CPU
		{5E395AC5-BBF9-4258-86F7-9A911A8C86FF}.Release|Any CPU.Build.0 = Release|Any CPU
		{E569DE3F-A937-4A53-AED7-BBB28793415A}.Debug|Any CPU.ActiveCfg = Debug|Any CPU
		{E569DE3F-A937-4A53-AED7-BBB28793415A}.Debug|Any CPU.Build.0 = Debug|Any CPU
		{E569DE3F-A937-4A53-AED7-BBB28793415A}.Release|Any CPU.ActiveCfg = Release|Any CPU
		{E569DE3F-A937-4A53-AED7-BBB28793415A}.Release|Any CPU.Build.0 = Release|Any CPU
		{743B946C-D91B-4D39-ABAD-022D16922243}.Debug|Any CPU.ActiveCfg = Debug|Any CPU
		{743B946C-D91B-4D39-ABAD-022D16922243}.Debug|Any CPU.Build.0 = Debug|Any CPU
		{743B946C-D91B-4D39-ABAD-022D16922243}.Release|Any CPU.ActiveCfg = Release|Any CPU
		{743B946C-D91B-4D39-ABAD-022D16922243}.Release|Any CPU.Build.0 = Release|Any CPU
		{890BECC1-60B7-4DA7-82AF-9D9D8D2E9C72}.Debug|Any CPU.ActiveCfg = Debug|Any CPU
		{890BECC1-60B7-4DA7-82AF-9D9D8D2E9C72}.Debug|Any CPU.Build.0 = Debug|Any CPU
		{890BECC1-60B7-4DA7-82AF-9D9D8D2E9C72}.Release|Any CPU.ActiveCfg = Release|Any CPU
		{890BECC1-60B7-4DA7-82AF-9D9D8D2E9C72}.Release|Any CPU.Build.0 = Release|Any CPU
		{060177F0-5022-4D78-8AA1-A7413674D4B6}.Debug|Any CPU.ActiveCfg = Debug|Any CPU
		{060177F0-5022-4D78-8AA1-A7413674D4B6}.Debug|Any CPU.Build.0 = Debug|Any CPU
		{060177F0-5022-4D78-8AA1-A7413674D4B6}.Release|Any CPU.ActiveCfg = Release|Any CPU
		{060177F0-5022-4D78-8AA1-A7413674D4B6}.Release|Any CPU.Build.0 = Release|Any CPU
		{2B687962-EF9E-4E9A-8DC9-6C3F7DC012DB}.Debug|Any CPU.ActiveCfg = Debug|Any CPU
		{2B687962-EF9E-4E9A-8DC9-6C3F7DC012DB}.Debug|Any CPU.Build.0 = Debug|Any CPU
		{2B687962-EF9E-4E9A-8DC9-6C3F7DC012DB}.Release|Any CPU.ActiveCfg = Release|Any CPU
		{2B687962-EF9E-4E9A-8DC9-6C3F7DC012DB}.Release|Any CPU.Build.0 = Release|Any CPU
		{B2DF9FBB-573A-40C8-A275-0C2396739770}.Debug|Any CPU.ActiveCfg = Debug|Any CPU
		{B2DF9FBB-573A-40C8-A275-0C2396739770}.Debug|Any CPU.Build.0 = Debug|Any CPU
		{B2DF9FBB-573A-40C8-A275-0C2396739770}.Release|Any CPU.ActiveCfg = Release|Any CPU
		{B2DF9FBB-573A-40C8-A275-0C2396739770}.Release|Any CPU.Build.0 = Release|Any CPU
	EndGlobalSection
	GlobalSection(SolutionProperties) = preSolution
		HideSolutionNode = FALSE
	EndGlobalSection
	GlobalSection(ExtensibilityGlobals) = postSolution
		SolutionGuid = {85E9F2C0-7D74-4109-A608-AE3B52FE610F}
	EndGlobalSection
EndGlobal
