
Microsoft Visual Studio Solution File, Format Version 12.00
# Visual Studio 15
VisualStudioVersion = 15.0.27004.2005
MinimumVisualStudioVersion = 10.0.40219.1
Project("{FAE04EC0-301F-11D3-BF4B-00C04F79EFBC}") = "Blank Receipt", "Blank Receipt\Blank Receipt.csproj", "{FBCF7C0B-EAD0-46E3-87C2-391867491C3C}"
EndProject
Project("{FAE04EC0-301F-11D3-BF4B-00C04F79EFBC}") = "Sign of Integer Number", "Sign of Integer Number\Sign of Integer Number.csproj", "{0156020A-D787-44CE-A6DA-B298DE5FAC6B}"
EndProject
Project("{FAE04EC0-301F-11D3-BF4B-00C04F79EFBC}") = "Printing Triangle", "Printing Triangle\Printing Triangle.csproj", "{5CB360DE-7FE1-4957-A47A-BB6776BBF010}"
EndProject
Project("{FAE04EC0-301F-11D3-BF4B-00C04F79EFBC}") = "Print Even Or Odd Numbers", "Print Even Or Odd Numbers\Print Even Or Odd Numbers.csproj", "{BDD4F42F-A474-427D-B4A2-64100AE515F4}"
EndProject
Project("{FAE04EC0-301F-11D3-BF4B-00C04F79EFBC}") = "HelloName", "HelloName\HelloName.csproj", "{8AD28B49-FE22-43E9-BA1F-0E3CAA7543FD}"
EndProject
Project("{FAE04EC0-301F-11D3-BF4B-00C04F79EFBC}") = "MaxMethod", "MaxMethod\MaxMethod.csproj", "{2DD8A664-21A5-4C57-A000-8EB90F021B4E}"
EndProject
Project("{FAE04EC0-301F-11D3-BF4B-00C04F79EFBC}") = "EnglishNameOfTheLastDigit", "EnglishNameOfTheLastDigit\EnglishNameOfTheLastDigit.csproj", "{34742375-4099-4C98-A0CF-172A00BBC1C2}"
EndProject
Project("{FAE04EC0-301F-11D3-BF4B-00C04F79EFBC}") = "NumbersInReversedOrder", "NumbersInReversedOrder\NumbersInReversedOrder.csproj", "{DF2AEAB2-035E-436D-AD44-333AF22C8B25}"
EndProject
Project("{FAE04EC0-301F-11D3-BF4B-00C04F79EFBC}") = "FibonacciNumbers", "FibonacciNumbers\FibonacciNumbers.csproj", "{E379B3D9-DA56-49A7-98E7-26B4F2AA18B5}"
EndProject
Project("{FAE04EC0-301F-11D3-BF4B-00C04F79EFBC}") = "PrimeChecker", "PrimeChecker\PrimeChecker.csproj", "{F83B7344-EC17-4679-B3D3-C0D267E15897}"
EndProject
Project("{FAE04EC0-301F-11D3-BF4B-00C04F79EFBC}") = "Demo", "Demo\Demo.csproj", "{174DA4F6-58E5-4015-929F-0431DCA2469D}"
EndProject
Project("{FAE04EC0-301F-11D3-BF4B-00C04F79EFBC}") = "MinMethod", "MinMethod\MinMethod.csproj", "{A6D6F162-E9F4-4051-A0E8-9ED4956668E4}"
EndProject
Project("{FAE04EC0-301F-11D3-BF4B-00C04F79EFBC}") = "StringRepeater", "StringRepeater\StringRepeater.csproj", "{27A3B1E0-1C18-4815-ADBA-4C7A4A537C8C}"
EndProject
Project("{FAE04EC0-301F-11D3-BF4B-00C04F79EFBC}") = "NthDigitNumbers", "NthDigitNumbers\NthDigitNumbers.csproj", "{895D13D5-CF47-4885-91B7-A700BFE0D7FE}"
EndProject
Project("{FAE04EC0-301F-11D3-BF4B-00C04F79EFBC}") = "IntegerToBase", "IntegerToBase\IntegerToBase.csproj", "{4C793A90-BF24-4E64-BCFD-F9F1E3BD0D65}"
EndProject
Global
	GlobalSection(SolutionConfigurationPlatforms) = preSolution
		Debug|Any CPU = Debug|Any CPU
		Release|Any CPU = Release|Any CPU
	EndGlobalSection
	GlobalSection(ProjectConfigurationPlatforms) = postSolution
		{FBCF7C0B-EAD0-46E3-87C2-391867491C3C}.Debug|Any CPU.ActiveCfg = Debug|Any CPU
		{FBCF7C0B-EAD0-46E3-87C2-391867491C3C}.Debug|Any CPU.Build.0 = Debug|Any CPU
		{FBCF7C0B-EAD0-46E3-87C2-391867491C3C}.Release|Any CPU.ActiveCfg = Release|Any CPU
		{FBCF7C0B-EAD0-46E3-87C2-391867491C3C}.Release|Any CPU.Build.0 = Release|Any CPU
		{0156020A-D787-44CE-A6DA-B298DE5FAC6B}.Debug|Any CPU.ActiveCfg = Debug|Any CPU
		{0156020A-D787-44CE-A6DA-B298DE5FAC6B}.Debug|Any CPU.Build.0 = Debug|Any CPU
		{0156020A-D787-44CE-A6DA-B298DE5FAC6B}.Release|Any CPU.ActiveCfg = Release|Any CPU
		{0156020A-D787-44CE-A6DA-B298DE5FAC6B}.Release|Any CPU.Build.0 = Release|Any CPU
		{5CB360DE-7FE1-4957-A47A-BB6776BBF010}.Debug|Any CPU.ActiveCfg = Debug|Any CPU
		{5CB360DE-7FE1-4957-A47A-BB6776BBF010}.Debug|Any CPU.Build.0 = Debug|Any CPU
		{5CB360DE-7FE1-4957-A47A-BB6776BBF010}.Release|Any CPU.ActiveCfg = Release|Any CPU
		{5CB360DE-7FE1-4957-A47A-BB6776BBF010}.Release|Any CPU.Build.0 = Release|Any CPU
		{BDD4F42F-A474-427D-B4A2-64100AE515F4}.Debug|Any CPU.ActiveCfg = Debug|Any CPU
		{BDD4F42F-A474-427D-B4A2-64100AE515F4}.Debug|Any CPU.Build.0 = Debug|Any CPU
		{BDD4F42F-A474-427D-B4A2-64100AE515F4}.Release|Any CPU.ActiveCfg = Release|Any CPU
		{BDD4F42F-A474-427D-B4A2-64100AE515F4}.Release|Any CPU.Build.0 = Release|Any CPU
		{8AD28B49-FE22-43E9-BA1F-0E3CAA7543FD}.Debug|Any CPU.ActiveCfg = Debug|Any CPU
		{8AD28B49-FE22-43E9-BA1F-0E3CAA7543FD}.Debug|Any CPU.Build.0 = Debug|Any CPU
		{8AD28B49-FE22-43E9-BA1F-0E3CAA7543FD}.Release|Any CPU.ActiveCfg = Release|Any CPU
		{8AD28B49-FE22-43E9-BA1F-0E3CAA7543FD}.Release|Any CPU.Build.0 = Release|Any CPU
		{2DD8A664-21A5-4C57-A000-8EB90F021B4E}.Debug|Any CPU.ActiveCfg = Debug|Any CPU
		{2DD8A664-21A5-4C57-A000-8EB90F021B4E}.Debug|Any CPU.Build.0 = Debug|Any CPU
		{2DD8A664-21A5-4C57-A000-8EB90F021B4E}.Release|Any CPU.ActiveCfg = Release|Any CPU
		{2DD8A664-21A5-4C57-A000-8EB90F021B4E}.Release|Any CPU.Build.0 = Release|Any CPU
		{34742375-4099-4C98-A0CF-172A00BBC1C2}.Debug|Any CPU.ActiveCfg = Debug|Any CPU
		{34742375-4099-4C98-A0CF-172A00BBC1C2}.Debug|Any CPU.Build.0 = Debug|Any CPU
		{34742375-4099-4C98-A0CF-172A00BBC1C2}.Release|Any CPU.ActiveCfg = Release|Any CPU
		{34742375-4099-4C98-A0CF-172A00BBC1C2}.Release|Any CPU.Build.0 = Release|Any CPU
		{DF2AEAB2-035E-436D-AD44-333AF22C8B25}.Debug|Any CPU.ActiveCfg = Debug|Any CPU
		{DF2AEAB2-035E-436D-AD44-333AF22C8B25}.Debug|Any CPU.Build.0 = Debug|Any CPU
		{DF2AEAB2-035E-436D-AD44-333AF22C8B25}.Release|Any CPU.ActiveCfg = Release|Any CPU
		{DF2AEAB2-035E-436D-AD44-333AF22C8B25}.Release|Any CPU.Build.0 = Release|Any CPU
		{E379B3D9-DA56-49A7-98E7-26B4F2AA18B5}.Debug|Any CPU.ActiveCfg = Debug|Any CPU
		{E379B3D9-DA56-49A7-98E7-26B4F2AA18B5}.Debug|Any CPU.Build.0 = Debug|Any CPU
		{E379B3D9-DA56-49A7-98E7-26B4F2AA18B5}.Release|Any CPU.ActiveCfg = Release|Any CPU
		{E379B3D9-DA56-49A7-98E7-26B4F2AA18B5}.Release|Any CPU.Build.0 = Release|Any CPU
		{F83B7344-EC17-4679-B3D3-C0D267E15897}.Debug|Any CPU.ActiveCfg = Debug|Any CPU
		{F83B7344-EC17-4679-B3D3-C0D267E15897}.Debug|Any CPU.Build.0 = Debug|Any CPU
		{F83B7344-EC17-4679-B3D3-C0D267E15897}.Release|Any CPU.ActiveCfg = Release|Any CPU
		{F83B7344-EC17-4679-B3D3-C0D267E15897}.Release|Any CPU.Build.0 = Release|Any CPU
		{174DA4F6-58E5-4015-929F-0431DCA2469D}.Debug|Any CPU.ActiveCfg = Debug|Any CPU
		{174DA4F6-58E5-4015-929F-0431DCA2469D}.Debug|Any CPU.Build.0 = Debug|Any CPU
		{174DA4F6-58E5-4015-929F-0431DCA2469D}.Release|Any CPU.ActiveCfg = Release|Any CPU
		{174DA4F6-58E5-4015-929F-0431DCA2469D}.Release|Any CPU.Build.0 = Release|Any CPU
		{A6D6F162-E9F4-4051-A0E8-9ED4956668E4}.Debug|Any CPU.ActiveCfg = Debug|Any CPU
		{A6D6F162-E9F4-4051-A0E8-9ED4956668E4}.Debug|Any CPU.Build.0 = Debug|Any CPU
		{A6D6F162-E9F4-4051-A0E8-9ED4956668E4}.Release|Any CPU.ActiveCfg = Release|Any CPU
		{A6D6F162-E9F4-4051-A0E8-9ED4956668E4}.Release|Any CPU.Build.0 = Release|Any CPU
		{27A3B1E0-1C18-4815-ADBA-4C7A4A537C8C}.Debug|Any CPU.ActiveCfg = Debug|Any CPU
		{27A3B1E0-1C18-4815-ADBA-4C7A4A537C8C}.Debug|Any CPU.Build.0 = Debug|Any CPU
		{27A3B1E0-1C18-4815-ADBA-4C7A4A537C8C}.Release|Any CPU.ActiveCfg = Release|Any CPU
		{27A3B1E0-1C18-4815-ADBA-4C7A4A537C8C}.Release|Any CPU.Build.0 = Release|Any CPU
		{895D13D5-CF47-4885-91B7-A700BFE0D7FE}.Debug|Any CPU.ActiveCfg = Debug|Any CPU
		{895D13D5-CF47-4885-91B7-A700BFE0D7FE}.Debug|Any CPU.Build.0 = Debug|Any CPU
		{895D13D5-CF47-4885-91B7-A700BFE0D7FE}.Release|Any CPU.ActiveCfg = Release|Any CPU
		{895D13D5-CF47-4885-91B7-A700BFE0D7FE}.Release|Any CPU.Build.0 = Release|Any CPU
		{4C793A90-BF24-4E64-BCFD-F9F1E3BD0D65}.Debug|Any CPU.ActiveCfg = Debug|Any CPU
		{4C793A90-BF24-4E64-BCFD-F9F1E3BD0D65}.Debug|Any CPU.Build.0 = Debug|Any CPU
		{4C793A90-BF24-4E64-BCFD-F9F1E3BD0D65}.Release|Any CPU.ActiveCfg = Release|Any CPU
		{4C793A90-BF24-4E64-BCFD-F9F1E3BD0D65}.Release|Any CPU.Build.0 = Release|Any CPU
	EndGlobalSection
	GlobalSection(SolutionProperties) = preSolution
		HideSolutionNode = FALSE
	EndGlobalSection
	GlobalSection(ExtensibilityGlobals) = postSolution
		SolutionGuid = {49931261-9077-408D-8A00-21CFB2F07082}
	EndGlobalSection
EndGlobal
